{
  "markbot": "351ea887466b8f8e79314fbd1b40a09cd7c490bfc40e9f4e77a93b368dced310",
  "markbotignore": "030a4e6e1b3b6b510514a7ae54576e2c2ef762d56236c6414ef634955d96a126",
  "index-320.png": "53cbb565c58562c821edf0b4cd6bda145dc0df221caea0b8b12e1fed5e61d595",
  "index-400.png": "39917dc602aa97e38ebc37f59f655019448b8ac34cfcdbc1a92916b4ece42ed4",
  "index-608.png": "5fa225a44f786d259f2a94968dae3cb7eb7670bec5d4f49dacc4d5c211f9c2d7",
  "index-960.png": "84c1a8474b6d194850ae234e54c4112b8afa1f06341d511e7992c4ce2835bc2b",
  "index-1440.png": "75f05560255a1fb30eb64f511940cee6ded25652ae427c8cd3156a01ca604fa1"
}