{
  "markbot": "1986e5d0278fc8aa5df93d9cece1e668a23a5b7959e7c53a40c3463dc3d84da0",
  "markbotignore": "030a4e6e1b3b6b510514a7ae54576e2c2ef762d56236c6414ef634955d96a126",
  "index-320.png": "ac51ef8dd87716710ddc21d29db024ed9657b0e12db09ac6abdb02d3a1e83e1e",
  "index-400.png": "46a3d7a4ac0bd5ab65b7901368621aff4764a9232077a31f27f46c2904b66e09",
  "index-608.png": "4f068721108fc66ffcb32a3a0a114afaa6404f494e852eb14a345b53d946a26c",
  "index-960.png": "c604c0becd18881dd0277b211aad799c185edeacd1c968d28d5385f8d1cd0861",
  "index-1440.png": "d65a994776d0c643e888f9cdcb953644016a82f5c6fd87a85c4cfacf3569702f"
}